// !$*UTF8*$!
{
	archiveVersion = 1;
	classes = {
	};
	objectVersion = 52;
	objects = {

/* Begin PBXBuildFile section */
		E191102B2638057600243AA2 /* ContentView.swift in Sources */ = {isa = PBXBuildFile; fileRef = E191102A2638057600243AA2 /* ContentView.swift */; };
		E191102E2638057600243AA2 /* TickrAssessment.xcdatamodeld in Sources */ = {isa = PBXBuildFile; fileRef = E191102C2638057600243AA2 /* TickrAssessment.xcdatamodeld */; };
		E19110302638057700243AA2 /* Assets.xcassets in Resources */ = {isa = PBXBuildFile; fileRef = E191102F2638057700243AA2 /* Assets.xcassets */; };
		E19110332638057700243AA2 /* Preview Assets.xcassets in Resources */ = {isa = PBXBuildFile; fileRef = E19110322638057700243AA2 /* Preview Assets.xcassets */; };
		E19110362638057700243AA2 /* LaunchScreen.storyboard in Resources */ = {isa = PBXBuildFile; fileRef = E19110342638057700243AA2 /* LaunchScreen.storyboard */; };
		E19110412638057700243AA2 /* TickrAssessmentTests.swift in Sources */ = {isa = PBXBuildFile; fileRef = E19110402638057700243AA2 /* TickrAssessmentTests.swift */; };
		E191104C2638057700243AA2 /* TickrAssessmentUITests.swift in Sources */ = {isa = PBXBuildFile; fileRef = E191104B2638057700243AA2 /* TickrAssessmentUITests.swift */; };
		E191106126381C2D00243AA2 /* Kingfisher in Frameworks */ = {isa = PBXBuildFile; productRef = E191106026381C2D00243AA2 /* Kingfisher */; };
		E191106726381E0500243AA2 /* EndPoints.swift in Sources */ = {isa = PBXBuildFile; fileRef = E191106626381E0500243AA2 /* EndPoints.swift */; };
		E191106C26381F3200243AA2 /* WebService.swift in Sources */ = {isa = PBXBuildFile; fileRef = E191106B26381F3200243AA2 /* WebService.swift */; };
		E191107126381F6700243AA2 /* ConnectionError.swift in Sources */ = {isa = PBXBuildFile; fileRef = E191107026381F6700243AA2 /* ConnectionError.swift */; };
		E19110762638206B00243AA2 /* ModelManager.swift in Sources */ = {isa = PBXBuildFile; fileRef = E19110752638206B00243AA2 /* ModelManager.swift */; };
		E191107C263821B400243AA2 /* SearchResult.swift in Sources */ = {isa = PBXBuildFile; fileRef = E191107B263821B400243AA2 /* SearchResult.swift */; };
		E1911083263824DE00243AA2 /* CoordinatorObject.swift in Sources */ = {isa = PBXBuildFile; fileRef = E1911082263824DE00243AA2 /* CoordinatorObject.swift */; };
		E19110882638251800243AA2 /* NewsViewModel.swift in Sources */ = {isa = PBXBuildFile; fileRef = E19110872638251800243AA2 /* NewsViewModel.swift */; };
		E191108D2638257000243AA2 /* NewsDetailsViewModel.swift in Sources */ = {isa = PBXBuildFile; fileRef = E191108C2638257000243AA2 /* NewsDetailsViewModel.swift */; };
		E191109A26382AE500243AA2 /* CoordinatorView.swift in Sources */ = {isa = PBXBuildFile; fileRef = E191109926382AE500243AA2 /* CoordinatorView.swift */; };
		E19110A126382BCC00243AA2 /* NewsItem.swift in Sources */ = {isa = PBXBuildFile; fileRef = E19110A026382BCC00243AA2 /* NewsItem.swift */; };
		E19110A626382C5300243AA2 /* NewsItemsView.swift in Sources */ = {isa = PBXBuildFile; fileRef = E19110A526382C5300243AA2 /* NewsItemsView.swift */; };
		E19110B326382D4100243AA2 /* View+Navigation.swift in Sources */ = {isa = PBXBuildFile; fileRef = E19110B226382D4100243AA2 /* View+Navigation.swift */; };
		E19110BD26382DFE00243AA2 /* NewsDetailView.swift in Sources */ = {isa = PBXBuildFile; fileRef = E19110BC26382DFE00243AA2 /* NewsDetailView.swift */; };
		E19110C526382E4700243AA2 /* WebView.swift in Sources */ = {isa = PBXBuildFile; fileRef = E19110C426382E4700243AA2 /* WebView.swift */; };
		E19110CA26382F0900243AA2 /* TickerAssessmentApp.swift in Sources */ = {isa = PBXBuildFile; fileRef = E19110C926382F0900243AA2 /* TickerAssessmentApp.swift */; };
		E19110D52638327200243AA2 /* example.json in Resources */ = {isa = PBXBuildFile; fileRef = E19110D42638327200243AA2 /* example.json */; };
		E19110DA263832DE00243AA2 /* Mocks.swift in Sources */ = {isa = PBXBuildFile; fileRef = E19110D9263832DE00243AA2 /* Mocks.swift */; };
		E19110DF2638336A00243AA2 /* ListViewModelTests.swift in Sources */ = {isa = PBXBuildFile; fileRef = E19110DE2638336A00243AA2 /* ListViewModelTests.swift */; };
		E19110E4263833BB00243AA2 /* ModelManagerTests.swift in Sources */ = {isa = PBXBuildFile; fileRef = E19110E3263833BB00243AA2 /* ModelManagerTests.swift */; };
		E19110E9263835C300243AA2 /* NewsDetaisViewModelTests.swift in Sources */ = {isa = PBXBuildFile; fileRef = E19110E8263835C300243AA2 /* NewsDetaisViewModelTests.swift */; };
		E191110326384B2A00243AA2 /* README.md in Resources */ = {isa = PBXBuildFile; fileRef = E191110226384B2A00243AA2 /* README.md */; };
/* End PBXBuildFile section */

/* Begin PBXContainerItemProxy section */
		E191103D2638057700243AA2 /* PBXContainerItemProxy */ = {
			isa = PBXContainerItemProxy;
			containerPortal = E191101B2638057600243AA2 /* Project object */;
			proxyType = 1;
			remoteGlobalIDString = E19110222638057600243AA2;
			remoteInfo = TickrAssessment;
		};
		E19110482638057700243AA2 /* PBXContainerItemProxy */ = {
			isa = PBXContainerItemProxy;
			containerPortal = E191101B2638057600243AA2 /* Project object */;
			proxyType = 1;
			remoteGlobalIDString = E19110222638057600243AA2;
			remoteInfo = TickrAssessment;
		};
/* End PBXContainerItemProxy section */

/* Begin PBXFileReference section */
		E19110232638057600243AA2 /* TickrAssessment.app */ = {isa = PBXFileReference; explicitFileType = wrapper.application; includeInIndex = 0; path = TickrAssessment.app; sourceTree = BUILT_PRODUCTS_DIR; };
		E191102A2638057600243AA2 /* ContentView.swift */ = {isa = PBXFileReference; lastKnownFileType = sourcecode.swift; path = ContentView.swift; sourceTree = "<group>"; };
		E191102D2638057600243AA2 /* TickrAssessment.xcdatamodel */ = {isa = PBXFileReference; lastKnownFileType = wrapper.xcdatamodel; path = TickrAssessment.xcdatamodel; sourceTree = "<group>"; };
		E191102F2638057700243AA2 /* Assets.xcassets */ = {isa = PBXFileReference; lastKnownFileType = folder.assetcatalog; path = Assets.xcassets; sourceTree = "<group>"; };
		E19110322638057700243AA2 /* Preview Assets.xcassets */ = {isa = PBXFileReference; lastKnownFileType = folder.assetcatalog; path = "Preview Assets.xcassets"; sourceTree = "<group>"; };
		E19110352638057700243AA2 /* Base */ = {isa = PBXFileReference; lastKnownFileType = file.storyboard; name = Base; path = Base.lproj/LaunchScreen.storyboard; sourceTree = "<group>"; };
		E19110372638057700243AA2 /* Info.plist */ = {isa = PBXFileReference; lastKnownFileType = text.plist.xml; path = Info.plist; sourceTree = "<group>"; };
		E191103C2638057700243AA2 /* TickrAssessmentTests.xctest */ = {isa = PBXFileReference; explicitFileType = wrapper.cfbundle; includeInIndex = 0; path = TickrAssessmentTests.xctest; sourceTree = BUILT_PRODUCTS_DIR; };
		E19110402638057700243AA2 /* TickrAssessmentTests.swift */ = {isa = PBXFileReference; lastKnownFileType = sourcecode.swift; path = TickrAssessmentTests.swift; sourceTree = "<group>"; };
		E19110422638057700243AA2 /* Info.plist */ = {isa = PBXFileReference; lastKnownFileType = text.plist.xml; path = Info.plist; sourceTree = "<group>"; };
		E19110472638057700243AA2 /* TickrAssessmentUITests.xctest */ = {isa = PBXFileReference; explicitFileType = wrapper.cfbundle; includeInIndex = 0; path = TickrAssessmentUITests.xctest; sourceTree = BUILT_PRODUCTS_DIR; };
		E191104B2638057700243AA2 /* TickrAssessmentUITests.swift */ = {isa = PBXFileReference; lastKnownFileType = sourcecode.swift; path = TickrAssessmentUITests.swift; sourceTree = "<group>"; };
		E191104D2638057700243AA2 /* Info.plist */ = {isa = PBXFileReference; lastKnownFileType = text.plist.xml; path = Info.plist; sourceTree = "<group>"; };
		E191106626381E0500243AA2 /* EndPoints.swift */ = {isa = PBXFileReference; lastKnownFileType = sourcecode.swift; path = EndPoints.swift; sourceTree = "<group>"; };
		E191106B26381F3200243AA2 /* WebService.swift */ = {isa = PBXFileReference; lastKnownFileType = sourcecode.swift; path = WebService.swift; sourceTree = "<group>"; };
		E191107026381F6700243AA2 /* ConnectionError.swift */ = {isa = PBXFileReference; lastKnownFileType = sourcecode.swift; path = ConnectionError.swift; sourceTree = "<group>"; };
		E19110752638206B00243AA2 /* ModelManager.swift */ = {isa = PBXFileReference; lastKnownFileType = sourcecode.swift; path = ModelManager.swift; sourceTree = "<group>"; };
		E191107B263821B400243AA2 /* SearchResult.swift */ = {isa = PBXFileReference; lastKnownFileType = sourcecode.swift; path = SearchResult.swift; sourceTree = "<group>"; };
		E1911082263824DE00243AA2 /* CoordinatorObject.swift */ = {isa = PBXFileReference; lastKnownFileType = sourcecode.swift; path = CoordinatorObject.swift; sourceTree = "<group>"; };
		E19110872638251800243AA2 /* NewsViewModel.swift */ = {isa = PBXFileReference; lastKnownFileType = sourcecode.swift; path = NewsViewModel.swift; sourceTree = "<group>"; };
		E191108C2638257000243AA2 /* NewsDetailsViewModel.swift */ = {isa = PBXFileReference; lastKnownFileType = sourcecode.swift; path = NewsDetailsViewModel.swift; sourceTree = "<group>"; };
		E191109926382AE500243AA2 /* CoordinatorView.swift */ = {isa = PBXFileReference; lastKnownFileType = sourcecode.swift; path = CoordinatorView.swift; sourceTree = "<group>"; };
		E19110A026382BCC00243AA2 /* NewsItem.swift */ = {isa = PBXFileReference; lastKnownFileType = sourcecode.swift; path = NewsItem.swift; sourceTree = "<group>"; };
		E19110A526382C5300243AA2 /* NewsItemsView.swift */ = {isa = PBXFileReference; lastKnownFileType = sourcecode.swift; path = NewsItemsView.swift; sourceTree = "<group>"; };
		E19110B226382D4100243AA2 /* View+Navigation.swift */ = {isa = PBXFileReference; lastKnownFileType = sourcecode.swift; path = "View+Navigation.swift"; sourceTree = "<group>"; };
		E19110BC26382DFE00243AA2 /* NewsDetailView.swift */ = {isa = PBXFileReference; lastKnownFileType = sourcecode.swift; path = NewsDetailView.swift; sourceTree = "<group>"; };
		E19110C426382E4700243AA2 /* WebView.swift */ = {isa = PBXFileReference; lastKnownFileType = sourcecode.swift; path = WebView.swift; sourceTree = "<group>"; };
		E19110C926382F0900243AA2 /* TickerAssessmentApp.swift */ = {isa = PBXFileReference; lastKnownFileType = sourcecode.swift; path = TickerAssessmentApp.swift; sourceTree = "<group>"; };
		E19110D42638327200243AA2 /* example.json */ = {isa = PBXFileReference; lastKnownFileType = text.json; path = example.json; sourceTree = "<group>"; };
		E19110D9263832DE00243AA2 /* Mocks.swift */ = {isa = PBXFileReference; lastKnownFileType = sourcecode.swift; path = Mocks.swift; sourceTree = "<group>"; };
		E19110DE2638336A00243AA2 /* ListViewModelTests.swift */ = {isa = PBXFileReference; lastKnownFileType = sourcecode.swift; path = ListViewModelTests.swift; sourceTree = "<group>"; };
		E19110E3263833BB00243AA2 /* ModelManagerTests.swift */ = {isa = PBXFileReference; lastKnownFileType = sourcecode.swift; path = ModelManagerTests.swift; sourceTree = "<group>"; };
		E19110E8263835C300243AA2 /* NewsDetaisViewModelTests.swift */ = {isa = PBXFileReference; lastKnownFileType = sourcecode.swift; path = NewsDetaisViewModelTests.swift; sourceTree = "<group>"; };
		E191110226384B2A00243AA2 /* README.md */ = {isa = PBXFileReference; fileEncoding = 4; lastKnownFileType = net.daringfireball.markdown; path = README.md; sourceTree = "<group>"; };
/* End PBXFileReference section */

/* Begin PBXFrameworksBuildPhase section */
		E19110202638057600243AA2 /* Frameworks */ = {
			isa = PBXFrameworksBuildPhase;
			buildActionMask = 2147483647;
			files = (
				E191106126381C2D00243AA2 /* Kingfisher in Frameworks */,
			);
			runOnlyForDeploymentPostprocessing = 0;
		};
		E19110392638057700243AA2 /* Frameworks */ = {
			isa = PBXFrameworksBuildPhase;
			buildActionMask = 2147483647;
			files = (
			);
			runOnlyForDeploymentPostprocessing = 0;
		};
		E19110442638057700243AA2 /* Frameworks */ = {
			isa = PBXFrameworksBuildPhase;
			buildActionMask = 2147483647;
			files = (
			);
			runOnlyForDeploymentPostprocessing = 0;
		};
/* End PBXFrameworksBuildPhase section */

/* Begin PBXGroup section */
		E191101A2638057600243AA2 = {
			isa = PBXGroup;
			children = (
				E191110226384B2A00243AA2 /* README.md */,
				E19110252638057600243AA2 /* TickrAssessment */,
				E191103F2638057700243AA2 /* TickrAssessmentTests */,
				E191104A2638057700243AA2 /* TickrAssessmentUITests */,
				E19110242638057600243AA2 /* Products */,
			);
			sourceTree = "<group>";
		};
		E19110242638057600243AA2 /* Products */ = {
			isa = PBXGroup;
			children = (
				E19110232638057600243AA2 /* TickrAssessment.app */,
				E191103C2638057700243AA2 /* TickrAssessmentTests.xctest */,
				E19110472638057700243AA2 /* TickrAssessmentUITests.xctest */,
			);
			name = Products;
			sourceTree = "<group>";
		};
		E19110252638057600243AA2 /* TickrAssessment */ = {
			isa = PBXGroup;
			children = (
				E1911081263824B700243AA2 /* Coordinator */,
				E191109E26382B6D00243AA2 /* View */,
				E19110802638249E00243AA2 /* ViewModel */,
				E191107A2638219F00243AA2 /* Model */,
				E191106526381DDA00243AA2 /* Services */,
				E19110C926382F0900243AA2 /* TickerAssessmentApp.swift */,
				E191102A2638057600243AA2 /* ContentView.swift */,
				E191102F2638057700243AA2 /* Assets.xcassets */,
				E19110342638057700243AA2 /* LaunchScreen.storyboard */,
				E19110372638057700243AA2 /* Info.plist */,
				E191102C2638057600243AA2 /* TickrAssessment.xcdatamodeld */,
				E19110312638057700243AA2 /* Preview Content */,
			);
			path = TickrAssessment;
			sourceTree = "<group>";
		};
		E19110312638057700243AA2 /* Preview Content */ = {
			isa = PBXGroup;
			children = (
				E19110322638057700243AA2 /* Preview Assets.xcassets */,
			);
			path = "Preview Content";
			sourceTree = "<group>";
		};
		E191103F2638057700243AA2 /* TickrAssessmentTests */ = {
			isa = PBXGroup;
			children = (
				E19110D42638327200243AA2 /* example.json */,
				E19110D9263832DE00243AA2 /* Mocks.swift */,
				E19110DE2638336A00243AA2 /* ListViewModelTests.swift */,
				E19110E3263833BB00243AA2 /* ModelManagerTests.swift */,
				E19110422638057700243AA2 /* Info.plist */,
				E19110402638057700243AA2 /* TickrAssessmentTests.swift */,
				E19110E8263835C300243AA2 /* NewsDetaisViewModelTests.swift */,
			);
			path = TickrAssessmentTests;
			sourceTree = "<group>";
		};
		E191104A2638057700243AA2 /* TickrAssessmentUITests */ = {
			isa = PBXGroup;
			children = (
				E191104B2638057700243AA2 /* TickrAssessmentUITests.swift */,
				E191104D2638057700243AA2 /* Info.plist */,
			);
			path = TickrAssessmentUITests;
			sourceTree = "<group>";
		};
		E191106526381DDA00243AA2 /* Services */ = {
			isa = PBXGroup;
			children = (
				E191106626381E0500243AA2 /* EndPoints.swift */,
				E191106B26381F3200243AA2 /* WebService.swift */,
				E191107026381F6700243AA2 /* ConnectionError.swift */,
				E19110752638206B00243AA2 /* ModelManager.swift */,
			);
			path = Services;
			sourceTree = "<group>";
		};
		E191107A2638219F00243AA2 /* Model */ = {
			isa = PBXGroup;
			children = (
				E191107B263821B400243AA2 /* SearchResult.swift */,
			);
			path = Model;
			sourceTree = "<group>";
		};
		E19110802638249E00243AA2 /* ViewModel */ = {
			isa = PBXGroup;
			children = (
				E19110872638251800243AA2 /* NewsViewModel.swift */,
				E191108C2638257000243AA2 /* NewsDetailsViewModel.swift */,
			);
			path = ViewModel;
			sourceTree = "<group>";
		};
		E1911081263824B700243AA2 /* Coordinator */ = {
			isa = PBXGroup;
			children = (
				E1911082263824DE00243AA2 /* CoordinatorObject.swift */,
				E191109926382AE500243AA2 /* CoordinatorView.swift */,
			);
			path = Coordinator;
			sourceTree = "<group>";
		};
		E191109E26382B6D00243AA2 /* View */ = {
			isa = PBXGroup;
			children = (
				E191109F26382B8100243AA2 /* News */,
				E19110BB26382DCC00243AA2 /* NewsDetails */,
				E19110B726382D5200243AA2 /* ViewExtensions */,
			);
			path = View;
			sourceTree = "<group>";
		};
		E191109F26382B8100243AA2 /* News */ = {
			isa = PBXGroup;
			children = (
				E19110A026382BCC00243AA2 /* NewsItem.swift */,
				E19110A526382C5300243AA2 /* NewsItemsView.swift */,
			);
			path = News;
			sourceTree = "<group>";
		};
		E19110B726382D5200243AA2 /* ViewExtensions */ = {
			isa = PBXGroup;
			children = (
				E19110B226382D4100243AA2 /* View+Navigation.swift */,
			);
			path = ViewExtensions;
			sourceTree = "<group>";
		};
		E19110BB26382DCC00243AA2 /* NewsDetails */ = {
			isa = PBXGroup;
			children = (
				E19110BC26382DFE00243AA2 /* NewsDetailView.swift */,
				E19110C426382E4700243AA2 /* WebView.swift */,
			);
			path = NewsDetails;
			sourceTree = "<group>";
		};
/* End PBXGroup section */

/* Begin PBXNativeTarget section */
		E19110222638057600243AA2 /* TickrAssessment */ = {
			isa = PBXNativeTarget;
			buildConfigurationList = E19110502638057700243AA2 /* Build configuration list for PBXNativeTarget "TickrAssessment" */;
			buildPhases = (
				E191101F2638057600243AA2 /* Sources */,
				E19110202638057600243AA2 /* Frameworks */,
				E19110212638057600243AA2 /* Resources */,
			);
			buildRules = (
			);
			dependencies = (
			);
			name = TickrAssessment;
			packageProductDependencies = (
				E191106026381C2D00243AA2 /* Kingfisher */,
			);
			productName = TickrAssessment;
			productReference = E19110232638057600243AA2 /* TickrAssessment.app */;
			productType = "com.apple.product-type.application";
		};
		E191103B2638057700243AA2 /* TickrAssessmentTests */ = {
			isa = PBXNativeTarget;
			buildConfigurationList = E19110532638057700243AA2 /* Build configuration list for PBXNativeTarget "TickrAssessmentTests" */;
			buildPhases = (
				E19110382638057700243AA2 /* Sources */,
				E19110392638057700243AA2 /* Frameworks */,
				E191103A2638057700243AA2 /* Resources */,
			);
			buildRules = (
			);
			dependencies = (
				E191103E2638057700243AA2 /* PBXTargetDependency */,
			);
			name = TickrAssessmentTests;
			productName = TickrAssessmentTests;
			productReference = E191103C2638057700243AA2 /* TickrAssessmentTests.xctest */;
			productType = "com.apple.product-type.bundle.unit-test";
		};
		E19110462638057700243AA2 /* TickrAssessmentUITests */ = {
			isa = PBXNativeTarget;
			buildConfigurationList = E19110562638057700243AA2 /* Build configuration list for PBXNativeTarget "TickrAssessmentUITests" */;
			buildPhases = (
				E19110432638057700243AA2 /* Sources */,
				E19110442638057700243AA2 /* Frameworks */,
				E19110452638057700243AA2 /* Resources */,
			);
			buildRules = (
			);
			dependencies = (
				E19110492638057700243AA2 /* PBXTargetDependency */,
			);
			name = TickrAssessmentUITests;
			productName = TickrAssessmentUITests;
			productReference = E19110472638057700243AA2 /* TickrAssessmentUITests.xctest */;
			productType = "com.apple.product-type.bundle.ui-testing";
		};
/* End PBXNativeTarget section */

/* Begin PBXProject section */
		E191101B2638057600243AA2 /* Project object */ = {
			isa = PBXProject;
			attributes = {
				LastSwiftUpdateCheck = 1240;
				LastUpgradeCheck = 1240;
				TargetAttributes = {
					E19110222638057600243AA2 = {
						CreatedOnToolsVersion = 12.4;
					};
					E191103B2638057700243AA2 = {
						CreatedOnToolsVersion = 12.4;
						TestTargetID = E19110222638057600243AA2;
					};
					E19110462638057700243AA2 = {
						CreatedOnToolsVersion = 12.4;
						TestTargetID = E19110222638057600243AA2;
					};
				};
			};
			buildConfigurationList = E191101E2638057600243AA2 /* Build configuration list for PBXProject "TickrAssessment" */;
			compatibilityVersion = "Xcode 9.3";
			developmentRegion = en;
			hasScannedForEncodings = 0;
			knownRegions = (
				en,
				Base,
			);
			mainGroup = E191101A2638057600243AA2;
			packageReferences = (
				E191105F26381C2D00243AA2 /* XCRemoteSwiftPackageReference "Kingfisher" */,
			);
			productRefGroup = E19110242638057600243AA2 /* Products */;
			projectDirPath = "";
			projectRoot = "";
			targets = (
				E19110222638057600243AA2 /* TickrAssessment */,
				E191103B2638057700243AA2 /* TickrAssessmentTests */,
				E19110462638057700243AA2 /* TickrAssessmentUITests */,
			);
		};
/* End PBXProject section */

/* Begin PBXResourcesBuildPhase section */
		E19110212638057600243AA2 /* Resources */ = {
			isa = PBXResourcesBuildPhase;
			buildActionMask = 2147483647;
			files = (
				E19110362638057700243AA2 /* LaunchScreen.storyboard in Resources */,
				E19110332638057700243AA2 /* Preview Assets.xcassets in Resources */,
				E191110326384B2A00243AA2 /* README.md in Resources */,
				E19110302638057700243AA2 /* Assets.xcassets in Resources */,
			);
			runOnlyForDeploymentPostprocessing = 0;
		};
		E191103A2638057700243AA2 /* Resources */ = {
			isa = PBXResourcesBuildPhase;
			buildActionMask = 2147483647;
			files = (
				E19110D52638327200243AA2 /* example.json in Resources */,
			);
			runOnlyForDeploymentPostprocessing = 0;
		};
		E19110452638057700243AA2 /* Resources */ = {
			isa = PBXResourcesBuildPhase;
			buildActionMask = 2147483647;
			files = (
			);
			runOnlyForDeploymentPostprocessing = 0;
		};
/* End PBXResourcesBuildPhase section */

/* Begin PBXSourcesBuildPhase section */
		E191101F2638057600243AA2 /* Sources */ = {
			isa = PBXSourcesBuildPhase;
			buildActionMask = 2147483647;
			files = (
				E191106C26381F3200243AA2 /* WebService.swift in Sources */,
				E19110A126382BCC00243AA2 /* NewsItem.swift in Sources */,
				E19110A626382C5300243AA2 /* NewsItemsView.swift in Sources */,
				E191107C263821B400243AA2 /* SearchResult.swift in Sources */,
				E19110762638206B00243AA2 /* ModelManager.swift in Sources */,
				E19110B326382D4100243AA2 /* View+Navigation.swift in Sources */,
				E191106726381E0500243AA2 /* EndPoints.swift in Sources */,
				E19110CA26382F0900243AA2 /* TickerAssessmentApp.swift in Sources */,
				E19110882638251800243AA2 /* NewsViewModel.swift in Sources */,
				E19110BD26382DFE00243AA2 /* NewsDetailView.swift in Sources */,
				E191102B2638057600243AA2 /* ContentView.swift in Sources */,
				E191108D2638257000243AA2 /* NewsDetailsViewModel.swift in Sources */,
				E191109A26382AE500243AA2 /* CoordinatorView.swift in Sources */,
				E1911083263824DE00243AA2 /* CoordinatorObject.swift in Sources */,
				E19110C526382E4700243AA2 /* WebView.swift in Sources */,
				E191107126381F6700243AA2 /* ConnectionError.swift in Sources */,
				E191102E2638057600243AA2 /* TickrAssessment.xcdatamodeld in Sources */,
			);
			runOnlyForDeploymentPostprocessing = 0;
		};
		E19110382638057700243AA2 /* Sources */ = {
			isa = PBXSourcesBuildPhase;
			buildActionMask = 2147483647;
			files = (
				E19110E9263835C300243AA2 /* NewsDetaisViewModelTests.swift in Sources */,
				E19110412638057700243AA2 /* TickrAssessmentTests.swift in Sources */,
				E19110E4263833BB00243AA2 /* ModelManagerTests.swift in Sources */,
				E19110DA263832DE00243AA2 /* Mocks.swift in Sources */,
				E19110DF2638336A00243AA2 /* ListViewModelTests.swift in Sources */,
			);
			runOnlyForDeploymentPostprocessing = 0;
		};
		E19110432638057700243AA2 /* Sources */ = {
			isa = PBXSourcesBuildPhase;
			buildActionMask = 2147483647;
			files = (
				E191104C2638057700243AA2 /* TickrAssessmentUITests.swift in Sources */,
			);
			runOnlyForDeploymentPostprocessing = 0;
		};
/* End PBXSourcesBuildPhase section */

/* Begin PBXTargetDependency section */
		E191103E2638057700243AA2 /* PBXTargetDependency */ = {
			isa = PBXTargetDependency;
			target = E19110222638057600243AA2 /* TickrAssessment */;
			targetProxy = E191103D2638057700243AA2 /* PBXContainerItemProxy */;
		};
		E19110492638057700243AA2 /* PBXTargetDependency */ = {
			isa = PBXTargetDependency;
			target = E19110222638057600243AA2 /* TickrAssessment */;
			targetProxy = E19110482638057700243AA2 /* PBXContainerItemProxy */;
		};
/* End PBXTargetDependency section */

/* Begin PBXVariantGroup section */
		E19110342638057700243AA2 /* LaunchScreen.storyboard */ = {
			isa = PBXVariantGroup;
			children = (
				E19110352638057700243AA2 /* Base */,
			);
			name = LaunchScreen.storyboard;
			sourceTree = "<group>";
		};
/* End PBXVariantGroup section */

/* Begin XCBuildConfiguration section */
		E191104E2638057700243AA2 /* Debug */ = {
			isa = XCBuildConfiguration;
			buildSettings = {
				ALWAYS_SEARCH_USER_PATHS = NO;
				CLANG_ANALYZER_NONNULL = YES;
				CLANG_ANALYZER_NUMBER_OBJECT_CONVERSION = YES_AGGRESSIVE;
				CLANG_CXX_LANGUAGE_STANDARD = "gnu++14";
				CLANG_CXX_LIBRARY = "libc++";
				CLANG_ENABLE_MODULES = YES;
				CLANG_ENABLE_OBJC_ARC = YES;
				CLANG_ENABLE_OBJC_WEAK = YES;
				CLANG_WARN_BLOCK_CAPTURE_AUTORELEASING = YES;
				CLANG_WARN_BOOL_CONVERSION = YES;
				CLANG_WARN_COMMA = YES;
				CLANG_WARN_CONSTANT_CONVERSION = YES;
				CLANG_WARN_DEPRECATED_OBJC_IMPLEMENTATIONS = YES;
				CLANG_WARN_DIRECT_OBJC_ISA_USAGE = YES_ERROR;
				CLANG_WARN_DOCUMENTATION_COMMENTS = YES;
				CLANG_WARN_EMPTY_BODY = YES;
				CLANG_WARN_ENUM_CONVERSION = YES;
				CLANG_WARN_INFINITE_RECURSION = YES;
				CLANG_WARN_INT_CONVERSION = YES;
				CLANG_WARN_NON_LITERAL_NULL_CONVERSION = YES;
				CLANG_WARN_OBJC_IMPLICIT_RETAIN_SELF = YES;
				CLANG_WARN_OBJC_LITERAL_CONVERSION = YES;
				CLANG_WARN_OBJC_ROOT_CLASS = YES_ERROR;
				CLANG_WARN_QUOTED_INCLUDE_IN_FRAMEWORK_HEADER = YES;
				CLANG_WARN_RANGE_LOOP_ANALYSIS = YES;
				CLANG_WARN_STRICT_PROTOTYPES = YES;
				CLANG_WARN_SUSPICIOUS_MOVE = YES;
				CLANG_WARN_UNGUARDED_AVAILABILITY = YES_AGGRESSIVE;
				CLANG_WARN_UNREACHABLE_CODE = YES;
				CLANG_WARN__DUPLICATE_METHOD_MATCH = YES;
				COPY_PHASE_STRIP = NO;
				DEBUG_INFORMATION_FORMAT = dwarf;
				ENABLE_STRICT_OBJC_MSGSEND = YES;
				ENABLE_TESTABILITY = YES;
				GCC_C_LANGUAGE_STANDARD = gnu11;
				GCC_DYNAMIC_NO_PIC = NO;
				GCC_NO_COMMON_BLOCKS = YES;
				GCC_OPTIMIZATION_LEVEL = 0;
				GCC_PREPROCESSOR_DEFINITIONS = (
					"DEBUG=1",
					"$(inherited)",
				);
				GCC_WARN_64_TO_32_BIT_CONVERSION = YES;
				GCC_WARN_ABOUT_RETURN_TYPE = YES_ERROR;
				GCC_WARN_UNDECLARED_SELECTOR = YES;
				GCC_WARN_UNINITIALIZED_AUTOS = YES_AGGRESSIVE;
				GCC_WARN_UNUSED_FUNCTION = YES;
				GCC_WARN_UNUSED_VARIABLE = YES;
				IPHONEOS_DEPLOYMENT_TARGET = 14.4;
				MTL_ENABLE_DEBUG_INFO = INCLUDE_SOURCE;
				MTL_FAST_MATH = YES;
				ONLY_ACTIVE_ARCH = YES;
				SDKROOT = iphoneos;
				SWIFT_ACTIVE_COMPILATION_CONDITIONS = DEBUG;
				SWIFT_OPTIMIZATION_LEVEL = "-Onone";
			};
			name = Debug;
		};
		E191104F2638057700243AA2 /* Release */ = {
			isa = XCBuildConfiguration;
			buildSettings = {
				ALWAYS_SEARCH_USER_PATHS = NO;
				CLANG_ANALYZER_NONNULL = YES;
				CLANG_ANALYZER_NUMBER_OBJECT_CONVERSION = YES_AGGRESSIVE;
				CLANG_CXX_LANGUAGE_STANDARD = "gnu++14";
				CLANG_CXX_LIBRARY = "libc++";
				CLANG_ENABLE_MODULES = YES;
				CLANG_ENABLE_OBJC_ARC = YES;
				CLANG_ENABLE_OBJC_WEAK = YES;
				CLANG_WARN_BLOCK_CAPTURE_AUTORELEASING = YES;
				CLANG_WARN_BOOL_CONVERSION = YES;
				CLANG_WARN_COMMA = YES;
				CLANG_WARN_CONSTANT_CONVERSION = YES;
				CLANG_WARN_DEPRECATED_OBJC_IMPLEMENTATIONS = YES;
				CLANG_WARN_DIRECT_OBJC_ISA_USAGE = YES_ERROR;
				CLANG_WARN_DOCUMENTATION_COMMENTS = YES;
				CLANG_WARN_EMPTY_BODY = YES;
				CLANG_WARN_ENUM_CONVERSION = YES;
				CLANG_WARN_INFINITE_RECURSION = YES;
				CLANG_WARN_INT_CONVERSION = YES;
				CLANG_WARN_NON_LITERAL_NULL_CONVERSION = YES;
				CLANG_WARN_OBJC_IMPLICIT_RETAIN_SELF = YES;
				CLANG_WARN_OBJC_LITERAL_CONVERSION = YES;
				CLANG_WARN_OBJC_ROOT_CLASS = YES_ERROR;
				CLANG_WARN_QUOTED_INCLUDE_IN_FRAMEWORK_HEADER = YES;
				CLANG_WARN_RANGE_LOOP_ANALYSIS = YES;
				CLANG_WARN_STRICT_PROTOTYPES = YES;
				CLANG_WARN_SUSPICIOUS_MOVE = YES;
				CLANG_WARN_UNGUARDED_AVAILABILITY = YES_AGGRESSIVE;
				CLANG_WARN_UNREACHABLE_CODE = YES;
				CLANG_WARN__DUPLICATE_METHOD_MATCH = YES;
				COPY_PHASE_STRIP = NO;
				DEBUG_INFORMATION_FORMAT = "dwarf-with-dsym";
				ENABLE_NS_ASSERTIONS = NO;
				ENABLE_STRICT_OBJC_MSGSEND = YES;
				GCC_C_LANGUAGE_STANDARD = gnu11;
				GCC_NO_COMMON_BLOCKS = YES;
				GCC_WARN_64_TO_32_BIT_CONVERSION = YES;
				GCC_WARN_ABOUT_RETURN_TYPE = YES_ERROR;
				GCC_WARN_UNDECLARED_SELECTOR = YES;
				GCC_WARN_UNINITIALIZED_AUTOS = YES_AGGRESSIVE;
				GCC_WARN_UNUSED_FUNCTION = YES;
				GCC_WARN_UNUSED_VARIABLE = YES;
				IPHONEOS_DEPLOYMENT_TARGET = 14.4;
				MTL_ENABLE_DEBUG_INFO = NO;
				MTL_FAST_MATH = YES;
				SDKROOT = iphoneos;
				SWIFT_COMPILATION_MODE = wholemodule;
				SWIFT_OPTIMIZATION_LEVEL = "-O";
				VALIDATE_PRODUCT = YES;
			};
			name = Release;
		};
		E19110512638057700243AA2 /* Debug */ = {
			isa = XCBuildConfiguration;
			buildSettings = {
				ASSETCATALOG_COMPILER_APPICON_NAME = AppIcon;
				ASSETCATALOG_COMPILER_GLOBAL_ACCENT_COLOR_NAME = AccentColor;
				CODE_SIGN_STYLE = Automatic;
				DEVELOPMENT_ASSET_PATHS = "\"TickrAssessment/Preview Content\"";
				DEVELOPMENT_TEAM = 3H5KY3LSB5;
				ENABLE_PREVIEWS = YES;
				INFOPLIST_FILE = TickrAssessment/Info.plist;
				LD_RUNPATH_SEARCH_PATHS = (
					"$(inherited)",
					"@executable_path/Frameworks",
				);
				PRODUCT_BUNDLE_IDENTIFIER = com.example.RosyPatel.TickrAssessment;
				PRODUCT_NAME = "$(TARGET_NAME)";
				SWIFT_VERSION = 5.0;
				TARGETED_DEVICE_FAMILY = "1,2";
			};
			name = Debug;
		};
		E19110522638057700243AA2 /* Release */ = {
			isa = XCBuildConfiguration;
			buildSettings = {
				ASSETCATALOG_COMPILER_APPICON_NAME = AppIcon;
				ASSETCATALOG_COMPILER_GLOBAL_ACCENT_COLOR_NAME = AccentColor;
				CODE_SIGN_STYLE = Automatic;
				DEVELOPMENT_ASSET_PATHS = "\"TickrAssessment/Preview Content\"";
				DEVELOPMENT_TEAM = 3H5KY3LSB5;
				ENABLE_PREVIEWS = YES;
				INFOPLIST_FILE = TickrAssessment/Info.plist;
				LD_RUNPATH_SEARCH_PATHS = (
					"$(inherited)",
					"@executable_path/Frameworks",
				);
				PRODUCT_BUNDLE_IDENTIFIER = com.example.RosyPatel.TickrAssessment;
				PRODUCT_NAME = "$(TARGET_NAME)";
				SWIFT_VERSION = 5.0;
				TARGETED_DEVICE_FAMILY = "1,2";
			};
			name = Release;
		};
		E19110542638057700243AA2 /* Debug */ = {
			isa = XCBuildConfiguration;
			buildSettings = {
				ALWAYS_EMBED_SWIFT_STANDARD_LIBRARIES = YES;
				BUNDLE_LOADER = "$(TEST_HOST)";
				CODE_SIGN_STYLE = Automatic;
				DEVELOPMENT_TEAM = 3H5KY3LSB5;
				INFOPLIST_FILE = TickrAssessmentTests/Info.plist;
				IPHONEOS_DEPLOYMENT_TARGET = 14.4;
				LD_RUNPATH_SEARCH_PATHS = (
					"$(inherited)",
					"@executable_path/Frameworks",
					"@loader_path/Frameworks",
				);
				PRODUCT_BUNDLE_IDENTIFIER = com.example.RosyPatel.TickrAssessmentTests;
				PRODUCT_NAME = "$(TARGET_NAME)";
				SWIFT_VERSION = 5.0;
				TARGETED_DEVICE_FAMILY = "1,2";
				TEST_HOST = "$(BUILT_PRODUCTS_DIR)/TickrAssessment.app/TickrAssessment";
			};
			name = Debug;
		};
		E19110552638057700243AA2 /* Release */ = {
			isa = XCBuildConfiguration;
			buildSettings = {
				ALWAYS_EMBED_SWIFT_STANDARD_LIBRARIES = YES;
				BUNDLE_LOADER = "$(TEST_HOST)";
				CODE_SIGN_STYLE = Automatic;
				DEVELOPMENT_TEAM = 3H5KY3LSB5;
				INFOPLIST_FILE = TickrAssessmentTests/Info.plist;
				IPHONEOS_DEPLOYMENT_TARGET = 14.4;
				LD_RUNPATH_SEARCH_PATHS = (
					"$(inherited)",
					"@executable_path/Frameworks",
					"@loader_path/Frameworks",
				);
				PRODUCT_BUNDLE_IDENTIFIER = com.example.RosyPatel.TickrAssessmentTests;
				PRODUCT_NAME = "$(TARGET_NAME)";
				SWIFT_VERSION = 5.0;
				TARGETED_DEVICE_FAMILY = "1,2";
				TEST_HOST = "$(BUILT_PRODUCTS_DIR)/TickrAssessment.app/TickrAssessment";
			};
			name = Release;
		};
		E19110572638057700243AA2 /* Debug */ = {
			isa = XCBuildConfiguration;
			buildSettings = {
				ALWAYS_EMBED_SWIFT_STANDARD_LIBRARIES = YES;
				CODE_SIGN_STYLE = Automatic;
				DEVELOPMENT_TEAM = 3H5KY3LSB5;
				INFOPLIST_FILE = TickrAssessmentUITests/Info.plist;
				LD_RUNPATH_SEARCH_PATHS = (
					"$(inherited)",
					"@executable_path/Frameworks",
					"@loader_path/Frameworks",
				);
				PRODUCT_BUNDLE_IDENTIFIER = com.example.RosyPatel.TickrAssessmentUITests;
				PRODUCT_NAME = "$(TARGET_NAME)";
				SWIFT_VERSION = 5.0;
				TARGETED_DEVICE_FAMILY = "1,2";
				TEST_TARGET_NAME = TickrAssessment;
			};
			name = Debug;
		};
		E19110582638057700243AA2 /* Release */ = {
			isa = XCBuildConfiguration;
			buildSettings = {
				ALWAYS_EMBED_SWIFT_STANDARD_LIBRARIES = YES;
				CODE_SIGN_STYLE = Automatic;
				DEVELOPMENT_TEAM = 3H5KY3LSB5;
				INFOPLIST_FILE = TickrAssessmentUITests/Info.plist;
				LD_RUNPATH_SEARCH_PATHS = (
					"$(inherited)",
					"@executable_path/Frameworks",
					"@loader_path/Frameworks",
				);
				PRODUCT_BUNDLE_IDENTIFIER = com.example.RosyPatel.TickrAssessmentUITests;
				PRODUCT_NAME = "$(TARGET_NAME)";
				SWIFT_VERSION = 5.0;
				TARGETED_DEVICE_FAMILY = "1,2";
				TEST_TARGET_NAME = TickrAssessment;
			};
			name = Release;
		};
/* End XCBuildConfiguration section */

/* Begin XCConfigurationList section */
		E191101E2638057600243AA2 /* Build configuration list for PBXProject "TickrAssessment" */ = {
			isa = XCConfigurationList;
			buildConfigurations = (
				E191104E2638057700243AA2 /* Debug */,
				E191104F2638057700243AA2 /* Release */,
			);
			defaultConfigurationIsVisible = 0;
			defaultConfigurationName = Release;
		};
		E19110502638057700243AA2 /* Build configuration list for PBXNativeTarget "TickrAssessment" */ = {
			isa = XCConfigurationList;
			buildConfigurations = (
				E19110512638057700243AA2 /* Debug */,
				E19110522638057700243AA2 /* Release */,
			);
			defaultConfigurationIsVisible = 0;
			defaultConfigurationName = Release;
		};
		E19110532638057700243AA2 /* Build configuration list for PBXNativeTarget "TickrAssessmentTests" */ = {
			isa = XCConfigurationList;
			buildConfigurations = (
				E19110542638057700243AA2 /* Debug */,
				E19110552638057700243AA2 /* Release */,
			);
			defaultConfigurationIsVisible = 0;
			defaultConfigurationName = Release;
		};
		E19110562638057700243AA2 /* Build configuration list for PBXNativeTarget "TickrAssessmentUITests" */ = {
			isa = XCConfigurationList;
			buildConfigurations = (
				E19110572638057700243AA2 /* Debug */,
				E19110582638057700243AA2 /* Release */,
			);
			defaultConfigurationIsVisible = 0;
			defaultConfigurationName = Release;
		};
/* End XCConfigurationList section */

/* Begin XCRemoteSwiftPackageReference section */
		E191105F26381C2D00243AA2 /* XCRemoteSwiftPackageReference "Kingfisher" */ = {
			isa = XCRemoteSwiftPackageReference;
			repositoryURL = "https://github.com/onevcat/Kingfisher.git";
			requirement = {
				kind = upToNextMajorVersion;
				minimumVersion = 6.3.0;
			};
		};
/* End XCRemoteSwiftPackageReference section */

/* Begin XCSwiftPackageProductDependency section */
		E191106026381C2D00243AA2 /* Kingfisher */ = {
			isa = XCSwiftPackageProductDependency;
			package = E191105F26381C2D00243AA2 /* XCRemoteSwiftPackageReference "Kingfisher" */;
			productName = Kingfisher;
		};
/* End XCSwiftPackageProductDependency section */

/* Begin XCVersionGroup section */
		E191102C2638057600243AA2 /* TickrAssessment.xcdatamodeld */ = {
			isa = XCVersionGroup;
			children = (
				E191102D2638057600243AA2 /* TickrAssessment.xcdatamodel */,
			);
			currentVersion = E191102D2638057600243AA2 /* TickrAssessment.xcdatamodel */;
			path = TickrAssessment.xcdatamodeld;
			sourceTree = "<group>";
			versionGroupType = wrapper.xcdatamodel;
		};
/* End XCVersionGroup section */
	};
	rootObject = E191101B2638057600243AA2 /* Project object */;
}
